<?xml version="1.0" encoding="utf-8"?>
<Project ToolsVersion="4.0" xmlns="http://schemas.microsoft.com/developer/msbuild/2003">
  <ItemGroup>
    <None Include="packages.config" />
  </ItemGroup>
  <ItemGroup>
    <Filter Include="src">
      <UniqueIdentifier>{632c5daa-1b37-4c45-9de8-0de616613703}</UniqueIdentifier>
    </Filter>
  </ItemGroup>
  <ItemGroup>
    <ClCompile Include="..\..\src\monitor\monitorinit.cpp">
      <Filter>src</Filter>
    </ClCompile>
    <ClCompile Include="..\..\src\monitor\net_processing.cpp">
      <Filter>src</Filter>
    </ClCompile>
    <ClCompile Include="..\..\src\monitor\database.cpp">
      <Filter>src</Filter>
    </ClCompile>
    <ClCompile Include="..\..\src\magnachaind-monitor.cpp">
      <Filter>src</Filter>
    </ClCompile>
  </ItemGroup>
  <ItemGroup>
    <ClInclude Include="..\..\src\monitor\monitorinit.h">
      <Filter>src</Filter>
    </ClInclude>
    <ClInclude Include="..\..\src\monitor\net_processing.h">
      <Filter>src</Filter>
    </ClInclude>
    <ClInclude Include="..\..\src\monitor\database.h">
      <Filter>src</Filter>
    </ClInclude>
    <ClInclude Include="..\..\src\monitor\sql.h">
      <Filter>src</Filter>
    </ClInclude>
  </ItemGroup>
</Project>