<?xml version="1.0" encoding="utf-8"?>
<Project ToolsVersion="4.0" xmlns="http://schemas.microsoft.com/developer/msbuild/2003">
  <ItemGroup>
    <Filter Include="src">
      <UniqueIdentifier>{4FC737F1-C7A5-4376-A066-2A32D752A2FF}</UniqueIdentifier>
      <Extensions>cpp;c;cc;cxx;def;odl;idl;hpj;bat;asm;asmx</Extensions>
    </Filter>
    <Filter Include="src\primitive">
      <UniqueIdentifier>{229af34f-0d90-44c2-8549-519a8d549a34}</UniqueIdentifier>
    </Filter>
    <Filter Include="src\wallet">
      <UniqueIdentifier>{4bfe4eb4-9f95-4201-ad71-1bc2500bb1b0}</UniqueIdentifier>
    </Filter>
    <Filter Include="src\script">
      <UniqueIdentifier>{f2ba9646-f13a-4fef-a436-2dea8b72f42e}</UniqueIdentifier>
    </Filter>
    <Filter Include="src\policy">
      <UniqueIdentifier>{7b6fc262-3d13-4585-bfa9-68565b77c196}</UniqueIdentifier>
    </Filter>
    <Filter Include="src\crypto">
      <UniqueIdentifier>{54a9a11d-ddc0-4c95-ab27-34d330fddf20}</UniqueIdentifier>
    </Filter>
    <Filter Include="src\consensus">
      <UniqueIdentifier>{2be1418f-a5ee-41e9-a17f-8b0141601457}</UniqueIdentifier>
    </Filter>
    <Filter Include="src\lua">
      <UniqueIdentifier>{92c6e852-2788-41dd-86ad-e09de38345f7}</UniqueIdentifier>
    </Filter>
    <Filter Include="src\bench">
      <UniqueIdentifier>{34220207-735c-4695-aa4c-6d94945ad2cd}</UniqueIdentifier>
    </Filter>
    <Filter Include="src\compat">
      <UniqueIdentifier>{72a237cb-8774-4058-8801-683fcce1b35e}</UniqueIdentifier>
    </Filter>
    <Filter Include="src\config">
      <UniqueIdentifier>{01befa99-aa2e-4b6b-91ce-85ca42b1f2b9}</UniqueIdentifier>
    </Filter>
    <Filter Include="src\leveldb">
      <UniqueIdentifier>{6a0e9903-174c-4e3a-874d-c7f0b8e05124}</UniqueIdentifier>
    </Filter>
    <Filter Include="src\leveldb\include">
      <UniqueIdentifier>{f71f6480-7d01-46ee-87eb-f08ac8645243}</UniqueIdentifier>
    </Filter>
    <Filter Include="src\leveldb\include\leveldb">
      <UniqueIdentifier>{e55da3da-866d-48c4-88fb-947b9ac142c5}</UniqueIdentifier>
    </Filter>
    <Filter Include="src\rpc">
      <UniqueIdentifier>{caf9ca00-424d-42a0-875a-2138cde76c0d}</UniqueIdentifier>
    </Filter>
    <Filter Include="src\secp256k1">
      <UniqueIdentifier>{88e29610-e824-404f-b7b8-4a58b6566f6d}</UniqueIdentifier>
    </Filter>
    <Filter Include="src\support">
      <UniqueIdentifier>{c9199db5-338f-4efb-b87c-c4640b6a1090}</UniqueIdentifier>
    </Filter>
    <Filter Include="src\univalue">
      <UniqueIdentifier>{cd367794-4790-44f8-8f85-4ac4b6e8f4c6}</UniqueIdentifier>
    </Filter>
    <Filter Include="src\zmq">
      <UniqueIdentifier>{9a2a09ab-7595-49ee-afd5-37c31b758fa4}</UniqueIdentifier>
    </Filter>
    <Filter Include="src\secp256k1\include">
      <UniqueIdentifier>{67596062-0f06-40c0-9b73-02c575e9be1c}</UniqueIdentifier>
    </Filter>
    <Filter Include="src\support\allocators">
      <UniqueIdentifier>{36025d13-3d38-45da-be7c-ccb0110e4d99}</UniqueIdentifier>
    </Filter>
    <Filter Include="src\univalue\include">
      <UniqueIdentifier>{f2a4e036-6e88-4603-844d-da795915f95a}</UniqueIdentifier>
    </Filter>
    <Filter Include="src\univalue\lib">
      <UniqueIdentifier>{1e74103a-7db6-4943-beb2-3f95f5fb7c28}</UniqueIdentifier>
    </Filter>
    <Filter Include="src\lua\cjson">
      <UniqueIdentifier>{32d577cb-ac29-4611-9815-3d0b84a561e4}</UniqueIdentifier>
    </Filter>
    <Filter Include="src\smartcontract">
      <UniqueIdentifier>{1add5529-bf39-4cd6-a785-3e49346de537}</UniqueIdentifier>
    </Filter>
    <Filter Include="src\transaction">
      <UniqueIdentifier>{4684f385-fd00-421f-b518-9d12b81070fe}</UniqueIdentifier>
    </Filter>
    <Filter Include="src\net">
      <UniqueIdentifier>{36cddf70-ef66-4c3f-9a20-71e7b3e5df38}</UniqueIdentifier>
    </Filter>
    <Filter Include="src\chain">
      <UniqueIdentifier>{4600b59f-ed42-40b8-8bde-384fa79b0323}</UniqueIdentifier>
    </Filter>
    <Filter Include="src\address">
      <UniqueIdentifier>{cd935c48-b8f5-46d2-8488-13906288fbf0}</UniqueIdentifier>
    </Filter>
    <Filter Include="src\coding">
      <UniqueIdentifier>{5d3c168e-699c-47c4-a4de-6fd554b49118}</UniqueIdentifier>
    </Filter>
    <Filter Include="src\io">
      <UniqueIdentifier>{1ccd6e45-ebd7-4667-b208-1bb4e9a5027f}</UniqueIdentifier>
    </Filter>
    <Filter Include="src\key">
      <UniqueIdentifier>{37a481c5-f1bb-4df6-a504-c8ff5edf37fc}</UniqueIdentifier>
    </Filter>
    <Filter Include="src\misc">
      <UniqueIdentifier>{afbdc851-aa39-454c-86c3-06d977ca0140}</UniqueIdentifier>
    </Filter>
    <Filter Include="src\mining">
      <UniqueIdentifier>{b03efbce-ca98-4b9c-b41e-8accddffd5cc}</UniqueIdentifier>
    </Filter>
    <Filter Include="src\ui">
      <UniqueIdentifier>{82b3a341-565b-49d4-b44c-811e32d9d98f}</UniqueIdentifier>
    </Filter>
    <Filter Include="src\utils">
      <UniqueIdentifier>{f802bff0-d895-4e22-970b-b2f7d50cc359}</UniqueIdentifier>
    </Filter>
    <Filter Include="src\validation">
      <UniqueIdentifier>{026b46ac-e9c6-409e-ae99-82d7fcbb7e58}</UniqueIdentifier>
    </Filter>
    <Filter Include="src\net\http">
      <UniqueIdentifier>{ec52be2e-ae2c-4df8-98c7-fb9d6dd18229}</UniqueIdentifier>
    </Filter>
    <Filter Include="src\thread">
      <UniqueIdentifier>{f5e3edf2-2d92-43b2-9cba-0ded1fc3f937}</UniqueIdentifier>
    </Filter>
    <Filter Include="src\crypto\ctaes">
      <UniqueIdentifier>{5e51fd40-09d5-41e0-a5b5-0da089d280f8}</UniqueIdentifier>
    </Filter>
  </ItemGroup>
  <ItemGroup>
    <ClCompile Include="stdafx.cpp" />
    <ClCompile Include="..\src\lua\lzio.c">
      <Filter>src\lua</Filter>
    </ClCompile>
    <ClCompile Include="..\src\lua\lapi.c">
      <Filter>src\lua</Filter>
    </ClCompile>
    <ClCompile Include="..\src\lua\lauxlib.c">
      <Filter>src\lua</Filter>
    </ClCompile>
    <ClCompile Include="..\src\lua\lbaselib.c">
      <Filter>src\lua</Filter>
    </ClCompile>
    <ClCompile Include="..\src\lua\lcode.c">
      <Filter>src\lua</Filter>
    </ClCompile>
    <ClCompile Include="..\src\lua\ldblib.c">
      <Filter>src\lua</Filter>
    </ClCompile>
    <ClCompile Include="..\src\lua\ldebug.c">
      <Filter>src\lua</Filter>
    </ClCompile>
    <ClCompile Include="..\src\lua\ldo.c">
      <Filter>src\lua</Filter>
    </ClCompile>
    <ClCompile Include="..\src\lua\ldump.c">
      <Filter>src\lua</Filter>
    </ClCompile>
    <ClCompile Include="..\src\lua\lfunc.c">
      <Filter>src\lua</Filter>
    </ClCompile>
    <ClCompile Include="..\src\lua\lgc.c">
      <Filter>src\lua</Filter>
    </ClCompile>
    <ClCompile Include="..\src\lua\linit.c">
      <Filter>src\lua</Filter>
    </ClCompile>
    <ClCompile Include="..\src\lua\liolib.c">
      <Filter>src\lua</Filter>
    </ClCompile>
    <ClCompile Include="..\src\lua\llex.c">
      <Filter>src\lua</Filter>
    </ClCompile>
    <ClCompile Include="..\src\lua\lmathlib.c">
      <Filter>src\lua</Filter>
    </ClCompile>
    <ClCompile Include="..\src\lua\lmem.c">
      <Filter>src\lua</Filter>
    </ClCompile>
    <ClCompile Include="..\src\lua\loadlib.c">
      <Filter>src\lua</Filter>
    </ClCompile>
    <ClCompile Include="..\src\lua\lobject.c">
      <Filter>src\lua</Filter>
    </ClCompile>
    <ClCompile Include="..\src\lua\lopcodes.c">
      <Filter>src\lua</Filter>
    </ClCompile>
    <ClCompile Include="..\src\lua\loslib.c">
      <Filter>src\lua</Filter>
    </ClCompile>
    <ClCompile Include="..\src\lua\lparser.c">
      <Filter>src\lua</Filter>
    </ClCompile>
    <ClCompile Include="..\src\lua\lstate.c">
      <Filter>src\lua</Filter>
    </ClCompile>
    <ClCompile Include="..\src\lua\lstring.c">
      <Filter>src\lua</Filter>
    </ClCompile>
    <ClCompile Include="..\src\lua\lstrlib.c">
      <Filter>src\lua</Filter>
    </ClCompile>
    <ClCompile Include="..\src\lua\ltable.c">
      <Filter>src\lua</Filter>
    </ClCompile>
    <ClCompile Include="..\src\lua\ltablib.c">
      <Filter>src\lua</Filter>
    </ClCompile>
    <ClCompile Include="..\src\lua\ltm.c">
      <Filter>src\lua</Filter>
    </ClCompile>
    <ClCompile Include="..\src\lua\lua_cmsgpack.c">
      <Filter>src\lua</Filter>
    </ClCompile>
    <ClCompile Include="..\src\lua\lundump.c">
      <Filter>src\lua</Filter>
    </ClCompile>
    <ClCompile Include="..\src\lua\lvm.c">
      <Filter>src\lua</Filter>
    </ClCompile>
    <ClCompile Include="..\src\lua\print.c">
      <Filter>src\lua</Filter>
    </ClCompile>
    <ClCompile Include="..\src\bench\ccoins_caching.cpp">
      <Filter>src\bench</Filter>
    </ClCompile>
    <ClCompile Include="..\src\bench\coin_selection.cpp">
      <Filter>src\bench</Filter>
    </ClCompile>
    <ClCompile Include="..\src\bench\crypto_hash.cpp">
      <Filter>src\bench</Filter>
    </ClCompile>
    <ClCompile Include="..\src\bench\Examples.cpp">
      <Filter>src\bench</Filter>
    </ClCompile>
    <ClCompile Include="..\src\bench\lockedpool.cpp">
      <Filter>src\bench</Filter>
    </ClCompile>
    <ClCompile Include="..\src\bench\mempool_eviction.cpp">
      <Filter>src\bench</Filter>
    </ClCompile>
    <ClCompile Include="..\src\bench\perf.cpp">
      <Filter>src\bench</Filter>
    </ClCompile>
    <ClCompile Include="..\src\bench\prevector_destructor.cpp">
      <Filter>src\bench</Filter>
    </ClCompile>
    <ClCompile Include="..\src\bench\rollingbloom.cpp">
      <Filter>src\bench</Filter>
    </ClCompile>
    <ClCompile Include="..\src\bench\verify_script.cpp">
      <Filter>src\bench</Filter>
    </ClCompile>
    <ClCompile Include="..\src\compat\glibc_sanity.cpp">
      <Filter>src\compat</Filter>
    </ClCompile>
    <ClCompile Include="..\src\compat\glibcxx_sanity.cpp">
      <Filter>src\compat</Filter>
    </ClCompile>
    <ClCompile Include="..\src\compat\strnlen.cpp">
      <Filter>src\compat</Filter>
    </ClCompile>
    <ClCompile Include="..\src\consensus\merkle.cpp">
      <Filter>src\consensus</Filter>
    </ClCompile>
    <ClCompile Include="..\src\consensus\tx_verify.cpp">
      <Filter>src\consensus</Filter>
    </ClCompile>
    <ClCompile Include="..\src\crypto\aes.cpp">
      <Filter>src\crypto</Filter>
    </ClCompile>
    <ClCompile Include="..\src\crypto\chacha20.cpp">
      <Filter>src\crypto</Filter>
    </ClCompile>
    <ClCompile Include="..\src\crypto\hmac_sha256.cpp">
      <Filter>src\crypto</Filter>
    </ClCompile>
    <ClCompile Include="..\src\crypto\hmac_sha512.cpp">
      <Filter>src\crypto</Filter>
    </ClCompile>
    <ClCompile Include="..\src\crypto\ripemd160.cpp">
      <Filter>src\crypto</Filter>
    </ClCompile>
    <ClCompile Include="..\src\crypto\sha1.cpp">
      <Filter>src\crypto</Filter>
    </ClCompile>
    <ClCompile Include="..\src\crypto\sha256.cpp">
      <Filter>src\crypto</Filter>
    </ClCompile>
    <ClCompile Include="..\src\crypto\sha256_sse4.cpp">
      <Filter>src\crypto</Filter>
    </ClCompile>
    <ClCompile Include="..\src\crypto\sha512.cpp">
      <Filter>src\crypto</Filter>
    </ClCompile>
    <ClCompile Include="..\src\policy\feerate.cpp">
      <Filter>src\policy</Filter>
    </ClCompile>
    <ClCompile Include="..\src\policy\fees.cpp">
      <Filter>src\policy</Filter>
    </ClCompile>
    <ClCompile Include="..\src\policy\policy.cpp">
      <Filter>src\policy</Filter>
    </ClCompile>
    <ClCompile Include="..\src\policy\rbf.cpp">
      <Filter>src\policy</Filter>
    </ClCompile>
    <ClCompile Include="..\src\primitives\block.cpp">
      <Filter>src\primitive</Filter>
    </ClCompile>
    <ClCompile Include="..\src\primitives\transaction.cpp">
      <Filter>src\primitive</Filter>
    </ClCompile>
    <ClCompile Include="..\src\rpc\blockchain.cpp">
      <Filter>src\rpc</Filter>
    </ClCompile>
    <ClCompile Include="..\src\rpc\branchchainrpc.cpp">
      <Filter>src\rpc</Filter>
    </ClCompile>
    <ClCompile Include="..\src\rpc\client.cpp">
      <Filter>src\rpc</Filter>
    </ClCompile>
    <ClCompile Include="..\src\rpc\misc.cpp">
      <Filter>src\rpc</Filter>
    </ClCompile>
    <ClCompile Include="..\src\rpc\net.cpp">
      <Filter>src\rpc</Filter>
    </ClCompile>
    <ClCompile Include="..\src\rpc\protocol.cpp">
      <Filter>src\rpc</Filter>
    </ClCompile>
    <ClCompile Include="..\src\rpc\rawtransaction.cpp">
      <Filter>src\rpc</Filter>
    </ClCompile>
    <ClCompile Include="..\src\rpc\server.cpp">
      <Filter>src\rpc</Filter>
    </ClCompile>
    <ClCompile Include="..\src\script\interpreter.cpp">
      <Filter>src\script</Filter>
    </ClCompile>
    <ClCompile Include="..\src\script\ismine.cpp">
      <Filter>src\script</Filter>
    </ClCompile>
    <ClCompile Include="..\src\script\script.cpp">
      <Filter>src\script</Filter>
    </ClCompile>
    <ClCompile Include="..\src\script\script_error.cpp">
      <Filter>src\script</Filter>
    </ClCompile>
    <ClCompile Include="..\src\script\sigcache.cpp">
      <Filter>src\script</Filter>
    </ClCompile>
    <ClCompile Include="..\src\script\sign.cpp">
      <Filter>src\script</Filter>
    </ClCompile>
    <ClCompile Include="..\src\script\standard.cpp">
      <Filter>src\script</Filter>
    </ClCompile>
    <ClCompile Include="..\src\support\cleanse.cpp">
      <Filter>src\support</Filter>
    </ClCompile>
    <ClCompile Include="..\src\support\lockedpool.cpp">
      <Filter>src\support</Filter>
    </ClCompile>
    <ClCompile Include="..\src\univalue\lib\univalue.cpp">
      <Filter>src\univalue\lib</Filter>
    </ClCompile>
    <ClCompile Include="..\src\univalue\lib\univalue_read.cpp">
      <Filter>src\univalue\lib</Filter>
    </ClCompile>
    <ClCompile Include="..\src\univalue\lib\univalue_write.cpp">
      <Filter>src\univalue\lib</Filter>
    </ClCompile>
    <ClCompile Include="..\src\wallet\crypter.cpp">
      <Filter>src\wallet</Filter>
    </ClCompile>
    <ClCompile Include="..\src\wallet\db.cpp">
      <Filter>src\wallet</Filter>
    </ClCompile>
    <ClCompile Include="..\src\wallet\feebumper.cpp">
      <Filter>src\wallet</Filter>
    </ClCompile>
    <ClCompile Include="..\src\wallet\rpcdump.cpp">
      <Filter>src\wallet</Filter>
    </ClCompile>
    <ClCompile Include="..\src\wallet\rpcwallet.cpp">
      <Filter>src\wallet</Filter>
    </ClCompile>
    <ClCompile Include="..\src\wallet\wallet.cpp">
      <Filter>src\wallet</Filter>
    </ClCompile>
    <ClCompile Include="..\src\wallet\walletdb.cpp">
      <Filter>src\wallet</Filter>
    </ClCompile>
    <ClCompile Include="..\src\zmq\zmqabstractnotifier.cpp">
      <Filter>src\zmq</Filter>
    </ClCompile>
    <ClCompile Include="..\src\zmq\zmqnotificationinterface.cpp">
      <Filter>src\zmq</Filter>
    </ClCompile>
    <ClCompile Include="..\src\zmq\zmqpublishnotifier.cpp">
      <Filter>src\zmq</Filter>
    </ClCompile>
    <ClCompile Include="..\src\lua\cjson\fpconv.c">
      <Filter>src\lua\cjson</Filter>
    </ClCompile>
    <ClCompile Include="..\src\lua\cjson\g_fmt.c">
      <Filter>src\lua\cjson</Filter>
    </ClCompile>
    <ClCompile Include="..\src\lua\cjson\strbuf.c">
      <Filter>src\lua\cjson</Filter>
    </ClCompile>
    <ClCompile Include="..\src\smartcontract\contractdb.cpp">
      <Filter>src\smartcontract</Filter>
    </ClCompile>
    <ClCompile Include="..\src\lua\cjson\lua_cjson.c">
      <Filter>src\lua\cjson</Filter>
    </ClCompile>
    <ClCompile Include="..\src\address\addrdb.cpp">
      <Filter>src\address</Filter>
    </ClCompile>
    <ClCompile Include="..\src\address\addrman.cpp">
      <Filter>src\address</Filter>
    </ClCompile>
    <ClCompile Include="..\src\net\net.cpp">
      <Filter>src\net</Filter>
    </ClCompile>
    <ClCompile Include="..\src\net\net_processing.cpp">
      <Filter>src\net</Filter>
    </ClCompile>
    <ClCompile Include="..\src\net\netaddress.cpp">
      <Filter>src\net</Filter>
    </ClCompile>
    <ClCompile Include="..\src\net\netbase.cpp">
      <Filter>src\net</Filter>
    </ClCompile>
    <ClCompile Include="..\src\net\protocol.cpp">
      <Filter>src\net</Filter>
    </ClCompile>
    <ClCompile Include="..\src\coding\arith_uint256.cpp">
      <Filter>src\coding</Filter>
    </ClCompile>
    <ClCompile Include="..\src\coding\base58.cpp">
      <Filter>src\coding</Filter>
    </ClCompile>
    <ClCompile Include="..\src\coding\hash.cpp">
      <Filter>src\coding</Filter>
    </ClCompile>
    <ClCompile Include="..\src\coding\uint256.cpp">
      <Filter>src\coding</Filter>
    </ClCompile>
    <ClCompile Include="..\src\io\core_read.cpp">
      <Filter>src\io</Filter>
    </ClCompile>
    <ClCompile Include="..\src\io\core_write.cpp">
      <Filter>src\io</Filter>
    </ClCompile>
    <ClCompile Include="..\src\io\dbwrapper.cpp">
      <Filter>src\io</Filter>
    </ClCompile>
    <ClCompile Include="..\src\io\fs.cpp">
      <Filter>src\io</Filter>
    </ClCompile>
    <ClCompile Include="..\src\key\key.cpp">
      <Filter>src\key</Filter>
    </ClCompile>
    <ClCompile Include="..\src\key\keystore.cpp">
      <Filter>src\key</Filter>
    </ClCompile>
    <ClCompile Include="..\src\key\pubkey.cpp">
      <Filter>src\key</Filter>
    </ClCompile>
    <ClCompile Include="..\src\mining\miner.cpp">
      <Filter>src\mining</Filter>
    </ClCompile>
    <ClCompile Include="..\src\mining\mining.cpp">
      <Filter>src\mining</Filter>
    </ClCompile>
    <ClCompile Include="..\src\misc\clientversion.cpp">
      <Filter>src\misc</Filter>
    </ClCompile>
    <ClCompile Include="..\src\misc\pow.cpp">
      <Filter>src\misc</Filter>
    </ClCompile>
    <ClCompile Include="..\src\misc\random.cpp">
      <Filter>src\misc</Filter>
    </ClCompile>
    <ClCompile Include="..\src\misc\rest.cpp">
      <Filter>src\misc</Filter>
    </ClCompile>
    <ClCompile Include="..\src\misc\timedata.cpp">
      <Filter>src\misc</Filter>
    </ClCompile>
    <ClCompile Include="..\src\misc\versionbits.cpp">
      <Filter>src\misc</Filter>
    </ClCompile>
    <ClCompile Include="..\src\misc\warnings.cpp">
      <Filter>src\misc</Filter>
    </ClCompile>
    <ClCompile Include="..\src\utils\util.cpp">
      <Filter>src\utils</Filter>
    </ClCompile>
    <ClCompile Include="..\src\utils\utilmoneystr.cpp">
      <Filter>src\utils</Filter>
    </ClCompile>
    <ClCompile Include="..\src\utils\utilstrencodings.cpp">
      <Filter>src\utils</Filter>
    </ClCompile>
    <ClCompile Include="..\src\utils\utiltime.cpp">
      <Filter>src\utils</Filter>
    </ClCompile>
    <ClCompile Include="..\src\transaction\blockencodings.cpp">
      <Filter>src\transaction</Filter>
    </ClCompile>
    <ClCompile Include="..\src\transaction\bloom.cpp">
      <Filter>src\transaction</Filter>
    </ClCompile>
    <ClCompile Include="..\src\transaction\coins.cpp">
      <Filter>src\transaction</Filter>
    </ClCompile>
    <ClCompile Include="..\src\transaction\compressor.cpp">
      <Filter>src\transaction</Filter>
    </ClCompile>
    <ClCompile Include="..\src\transaction\merkleblock.cpp">
      <Filter>src\transaction</Filter>
    </ClCompile>
    <ClCompile Include="..\src\transaction\txdb.cpp">
      <Filter>src\transaction</Filter>
    </ClCompile>
    <ClCompile Include="..\src\transaction\txmempool.cpp">
      <Filter>src\transaction</Filter>
    </ClCompile>
    <ClCompile Include="..\src\ui\noui.cpp">
      <Filter>src\ui</Filter>
    </ClCompile>
    <ClCompile Include="..\src\ui\ui_interface.cpp">
      <Filter>src\ui</Filter>
    </ClCompile>
    <ClCompile Include="..\src\validation\checkpoints.cpp">
      <Filter>src\validation</Filter>
    </ClCompile>
    <ClCompile Include="..\src\validation\validation.cpp">
      <Filter>src\validation</Filter>
    </ClCompile>
    <ClCompile Include="..\src\validation\validationinterface.cpp">
      <Filter>src\validation</Filter>
    </ClCompile>
    <ClCompile Include="..\src\smartcontract\smartcontract.cpp">
      <Filter>src\smartcontract</Filter>
    </ClCompile>
    <ClCompile Include="..\src\chain\branchchain.cpp">
      <Filter>src\chain</Filter>
    </ClCompile>
    <ClCompile Include="..\src\chain\branchtxdb.cpp">
      <Filter>src\chain</Filter>
    </ClCompile>
    <ClCompile Include="..\src\chain\chain.cpp">
      <Filter>src\chain</Filter>
    </ClCompile>
    <ClCompile Include="..\src\chain\chainparams.cpp">
      <Filter>src\chain</Filter>
    </ClCompile>
    <ClCompile Include="..\src\chain\chainparamsbase.cpp">
      <Filter>src\chain</Filter>
    </ClCompile>
    <ClCompile Include="..\src\net\http\httprpc.cpp">
      <Filter>src\net\http</Filter>
    </ClCompile>
    <ClCompile Include="..\src\net\http\httpserver.cpp">
      <Filter>src\net\http</Filter>
    </ClCompile>
    <ClCompile Include="..\src\thread\scheduler.cpp">
      <Filter>src\thread</Filter>
    </ClCompile>
    <ClCompile Include="..\src\thread\sync.cpp">
      <Filter>src\thread</Filter>
    </ClCompile>
    <ClCompile Include="..\src\thread\threadinterrupt.cpp">
      <Filter>src\thread</Filter>
    </ClCompile>
    <ClCompile Include="..\src\net\torcontrol.cpp">
      <Filter>src\net</Filter>
    </ClCompile>
    <ClCompile Include="..\src\crypto\ctaes\ctaes.c">
      <Filter>src\crypto\ctaes</Filter>
    </ClCompile>
    <ClCompile Include="..\src\init.cpp">
      <Filter>src</Filter>
    </ClCompile>
    <ClCompile Include="..\src\script\celllinkconsensus.cpp">
      <Filter>src\script</Filter>
    </ClCompile>
    <ClCompile Include="..\src\chain\branchdb.cpp">
      <Filter>src\chain</Filter>
    </ClCompile>
    <ClCompile Include="..\src\transaction\partialmerkletree.cpp">
      <Filter>src\transaction</Filter>
    </ClCompile>
  </ItemGroup>
  <ItemGroup>
    <ClInclude Include="stdafx.h" />
    <ClInclude Include="..\src\lua\lzio.h">
      <Filter>src\lua</Filter>
    </ClInclude>
    <ClInclude Include="..\src\lua\lapi.h">
      <Filter>src\lua</Filter>
    </ClInclude>
    <ClInclude Include="..\src\lua\lauxlib.h">
      <Filter>src\lua</Filter>
    </ClInclude>
    <ClInclude Include="..\src\lua\lcode.h">
      <Filter>src\lua</Filter>
    </ClInclude>
    <ClInclude Include="..\src\lua\ldebug.h">
      <Filter>src\lua</Filter>
    </ClInclude>
    <ClInclude Include="..\src\lua\ldo.h">
      <Filter>src\lua</Filter>
    </ClInclude>
    <ClInclude Include="..\src\lua\lfunc.h">
      <Filter>src\lua</Filter>
    </ClInclude>
    <ClInclude Include="..\src\lua\lgc.h">
      <Filter>src\lua</Filter>
    </ClInclude>
    <ClInclude Include="..\src\lua\llex.h">
      <Filter>src\lua</Filter>
    </ClInclude>
    <ClInclude Include="..\src\lua\llimits.h">
      <Filter>src\lua</Filter>
    </ClInclude>
    <ClInclude Include="..\src\lua\lmem.h">
      <Filter>src\lua</Filter>
    </ClInclude>
    <ClInclude Include="..\src\lua\lobject.h">
      <Filter>src\lua</Filter>
    </ClInclude>
    <ClInclude Include="..\src\lua\lopcodes.h">
      <Filter>src\lua</Filter>
    </ClInclude>
    <ClInclude Include="..\src\lua\lparser.h">
      <Filter>src\lua</Filter>
    </ClInclude>
    <ClInclude Include="..\src\lua\lstate.h">
      <Filter>src\lua</Filter>
    </ClInclude>
    <ClInclude Include="..\src\lua\lstring.h">
      <Filter>src\lua</Filter>
    </ClInclude>
    <ClInclude Include="..\src\lua\ltable.h">
      <Filter>src\lua</Filter>
    </ClInclude>
    <ClInclude Include="..\src\lua\ltm.h">
      <Filter>src\lua</Filter>
    </ClInclude>
    <ClInclude Include="..\src\lua\lua.h">
      <Filter>src\lua</Filter>
    </ClInclude>
    <ClInclude Include="..\src\lua\luaconf.h">
      <Filter>src\lua</Filter>
    </ClInclude>
    <ClInclude Include="..\src\lua\lualib.h">
      <Filter>src\lua</Filter>
    </ClInclude>
    <ClInclude Include="..\src\lua\lundump.h">
      <Filter>src\lua</Filter>
    </ClInclude>
    <ClInclude Include="..\src\lua\lvm.h">
      <Filter>src\lua</Filter>
    </ClInclude>
    <ClInclude Include="..\src\bench\perf.h">
      <Filter>src\bench</Filter>
    </ClInclude>
    <ClInclude Include="..\src\compat\byteswap.h">
      <Filter>src\compat</Filter>
    </ClInclude>
    <ClInclude Include="..\src\compat\endian.h">
      <Filter>src\compat</Filter>
    </ClInclude>
    <ClInclude Include="..\src\compat\sanity.h">
      <Filter>src\compat</Filter>
    </ClInclude>
    <ClInclude Include="..\src\consensus\consensus.h">
      <Filter>src\consensus</Filter>
    </ClInclude>
    <ClInclude Include="..\src\consensus\merkle.h">
      <Filter>src\consensus</Filter>
    </ClInclude>
    <ClInclude Include="..\src\consensus\params.h">
      <Filter>src\consensus</Filter>
    </ClInclude>
    <ClInclude Include="..\src\consensus\tx_verify.h">
      <Filter>src\consensus</Filter>
    </ClInclude>
    <ClInclude Include="..\src\consensus\validation.h">
      <Filter>src\consensus</Filter>
    </ClInclude>
    <ClInclude Include="..\src\crypto\aes.h">
      <Filter>src\crypto</Filter>
    </ClInclude>
    <ClInclude Include="..\src\crypto\chacha20.h">
      <Filter>src\crypto</Filter>
    </ClInclude>
    <ClInclude Include="..\src\crypto\common.h">
      <Filter>src\crypto</Filter>
    </ClInclude>
    <ClInclude Include="..\src\crypto\hmac_sha256.h">
      <Filter>src\crypto</Filter>
    </ClInclude>
    <ClInclude Include="..\src\crypto\hmac_sha512.h">
      <Filter>src\crypto</Filter>
    </ClInclude>
    <ClInclude Include="..\src\crypto\ripemd160.h">
      <Filter>src\crypto</Filter>
    </ClInclude>
    <ClInclude Include="..\src\crypto\sha1.h">
      <Filter>src\crypto</Filter>
    </ClInclude>
    <ClInclude Include="..\src\crypto\sha256.h">
      <Filter>src\crypto</Filter>
    </ClInclude>
    <ClInclude Include="..\src\crypto\sha512.h">
      <Filter>src\crypto</Filter>
    </ClInclude>
    <ClInclude Include="..\src\leveldb\include\leveldb\c.h">
      <Filter>src\leveldb\include\leveldb</Filter>
    </ClInclude>
    <ClInclude Include="..\src\leveldb\include\leveldb\cache.h">
      <Filter>src\leveldb\include\leveldb</Filter>
    </ClInclude>
    <ClInclude Include="..\src\leveldb\include\leveldb\comparator.h">
      <Filter>src\leveldb\include\leveldb</Filter>
    </ClInclude>
    <ClInclude Include="..\src\leveldb\include\leveldb\db.h">
      <Filter>src\leveldb\include\leveldb</Filter>
    </ClInclude>
    <ClInclude Include="..\src\leveldb\include\leveldb\dumpfile.h">
      <Filter>src\leveldb\include\leveldb</Filter>
    </ClInclude>
    <ClInclude Include="..\src\leveldb\include\leveldb\env.h">
      <Filter>src\leveldb\include\leveldb</Filter>
    </ClInclude>
    <ClInclude Include="..\src\leveldb\include\leveldb\filter_policy.h">
      <Filter>src\leveldb\include\leveldb</Filter>
    </ClInclude>
    <ClInclude Include="..\src\leveldb\include\leveldb\iterator.h">
      <Filter>src\leveldb\include\leveldb</Filter>
    </ClInclude>
    <ClInclude Include="..\src\leveldb\include\leveldb\options.h">
      <Filter>src\leveldb\include\leveldb</Filter>
    </ClInclude>
    <ClInclude Include="..\src\leveldb\include\leveldb\slice.h">
      <Filter>src\leveldb\include\leveldb</Filter>
    </ClInclude>
    <ClInclude Include="..\src\leveldb\include\leveldb\status.h">
      <Filter>src\leveldb\include\leveldb</Filter>
    </ClInclude>
    <ClInclude Include="..\src\leveldb\include\leveldb\table.h">
      <Filter>src\leveldb\include\leveldb</Filter>
    </ClInclude>
    <ClInclude Include="..\src\leveldb\include\leveldb\table_builder.h">
      <Filter>src\leveldb\include\leveldb</Filter>
    </ClInclude>
    <ClInclude Include="..\src\leveldb\include\leveldb\write_batch.h">
      <Filter>src\leveldb\include\leveldb</Filter>
    </ClInclude>
    <ClInclude Include="..\src\policy\feerate.h">
      <Filter>src\policy</Filter>
    </ClInclude>
    <ClInclude Include="..\src\policy\fees.h">
      <Filter>src\policy</Filter>
    </ClInclude>
    <ClInclude Include="..\src\policy\policy.h">
      <Filter>src\policy</Filter>
    </ClInclude>
    <ClInclude Include="..\src\policy\rbf.h">
      <Filter>src\policy</Filter>
    </ClInclude>
    <ClInclude Include="..\src\primitives\block.h">
      <Filter>src\primitive</Filter>
    </ClInclude>
    <ClInclude Include="..\src\primitives\transaction.h">
      <Filter>src\primitive</Filter>
    </ClInclude>
    <ClInclude Include="..\src\rpc\blockchain.h">
      <Filter>src\rpc</Filter>
    </ClInclude>
    <ClInclude Include="..\src\rpc\branchchainrpc.h">
      <Filter>src\rpc</Filter>
    </ClInclude>
    <ClInclude Include="..\src\rpc\client.h">
      <Filter>src\rpc</Filter>
    </ClInclude>
    <ClInclude Include="..\src\rpc\protocol.h">
      <Filter>src\rpc</Filter>
    </ClInclude>
    <ClInclude Include="..\src\rpc\register.h">
      <Filter>src\rpc</Filter>
    </ClInclude>
    <ClInclude Include="..\src\rpc\server.h">
      <Filter>src\rpc</Filter>
    </ClInclude>
    <ClInclude Include="..\src\script\interpreter.h">
      <Filter>src\script</Filter>
    </ClInclude>
    <ClInclude Include="..\src\script\ismine.h">
      <Filter>src\script</Filter>
    </ClInclude>
    <ClInclude Include="..\src\script\script.h">
      <Filter>src\script</Filter>
    </ClInclude>
    <ClInclude Include="..\src\script\script_error.h">
      <Filter>src\script</Filter>
    </ClInclude>
    <ClInclude Include="..\src\script\sigcache.h">
      <Filter>src\script</Filter>
    </ClInclude>
    <ClInclude Include="..\src\script\sign.h">
      <Filter>src\script</Filter>
    </ClInclude>
    <ClInclude Include="..\src\script\standard.h">
      <Filter>src\script</Filter>
    </ClInclude>
    <ClInclude Include="..\src\secp256k1\include\secp256k1.h">
      <Filter>src\secp256k1\include</Filter>
    </ClInclude>
    <ClInclude Include="..\src\secp256k1\include\secp256k1_ecdh.h">
      <Filter>src\secp256k1\include</Filter>
    </ClInclude>
    <ClInclude Include="..\src\secp256k1\include\secp256k1_recovery.h">
      <Filter>src\secp256k1\include</Filter>
    </ClInclude>
    <ClInclude Include="..\src\support\cleanse.h">
      <Filter>src\support</Filter>
    </ClInclude>
    <ClInclude Include="..\src\support\events.h">
      <Filter>src\support</Filter>
    </ClInclude>
    <ClInclude Include="..\src\support\lockedpool.h">
      <Filter>src\support</Filter>
    </ClInclude>
    <ClInclude Include="..\src\support\allocators\secure.h">
      <Filter>src\support\allocators</Filter>
    </ClInclude>
    <ClInclude Include="..\src\support\allocators\zeroafterfree.h">
      <Filter>src\support\allocators</Filter>
    </ClInclude>
    <ClInclude Include="..\src\univalue\include\univalue.h">
      <Filter>src\univalue\include</Filter>
    </ClInclude>
    <ClInclude Include="..\src\univalue\lib\univalue_escapes.h">
      <Filter>src\univalue\lib</Filter>
    </ClInclude>
    <ClInclude Include="..\src\univalue\lib\univalue_utffilter.h">
      <Filter>src\univalue\lib</Filter>
    </ClInclude>
    <ClInclude Include="..\src\wallet\coincontrol.h">
      <Filter>src\wallet</Filter>
    </ClInclude>
    <ClInclude Include="..\src\wallet\crypter.h">
      <Filter>src\wallet</Filter>
    </ClInclude>
    <ClInclude Include="..\src\wallet\db.h">
      <Filter>src\wallet</Filter>
    </ClInclude>
    <ClInclude Include="..\src\wallet\feebumper.h">
      <Filter>src\wallet</Filter>
    </ClInclude>
    <ClInclude Include="..\src\wallet\rpcwallet.h">
      <Filter>src\wallet</Filter>
    </ClInclude>
    <ClInclude Include="..\src\wallet\wallet.h">
      <Filter>src\wallet</Filter>
    </ClInclude>
    <ClInclude Include="..\src\wallet\walletdb.h">
      <Filter>src\wallet</Filter>
    </ClInclude>
    <ClInclude Include="..\src\zmq\zmqabstractnotifier.h">
      <Filter>src\zmq</Filter>
    </ClInclude>
    <ClInclude Include="..\src\zmq\zmqconfig.h">
      <Filter>src\zmq</Filter>
    </ClInclude>
    <ClInclude Include="..\src\zmq\zmqnotificationinterface.h">
      <Filter>src\zmq</Filter>
    </ClInclude>
    <ClInclude Include="..\src\zmq\zmqpublishnotifier.h">
      <Filter>src\zmq</Filter>
    </ClInclude>
    <ClInclude Include="..\src\lua\cjson\dtoa_config.h">
      <Filter>src\lua\cjson</Filter>
    </ClInclude>
    <ClInclude Include="..\src\lua\cjson\fpconv.h">
      <Filter>src\lua\cjson</Filter>
    </ClInclude>
    <ClInclude Include="..\src\lua\cjson\strbuf.h">
      <Filter>src\lua\cjson</Filter>
    </ClInclude>
    <ClInclude Include="..\src\smartcontract\contractdb.h">
      <Filter>src\smartcontract</Filter>
    </ClInclude>
    <ClInclude Include="..\src\address\addrdb.h">
      <Filter>src\address</Filter>
    </ClInclude>
    <ClInclude Include="..\src\address\addrman.h">
      <Filter>src\address</Filter>
    </ClInclude>
    <ClInclude Include="..\src\net\net.h">
      <Filter>src\net</Filter>
    </ClInclude>
    <ClInclude Include="..\src\net\net_processing.h">
      <Filter>src\net</Filter>
    </ClInclude>
    <ClInclude Include="..\src\net\netaddress.h">
      <Filter>src\net</Filter>
    </ClInclude>
    <ClInclude Include="..\src\net\netbase.h">
      <Filter>src\net</Filter>
    </ClInclude>
    <ClInclude Include="..\src\net\netmessagemaker.h">
      <Filter>src\net</Filter>
    </ClInclude>
    <ClInclude Include="..\src\net\protocol.h">
      <Filter>src\net</Filter>
    </ClInclude>
    <ClInclude Include="..\src\coding\arith_uint256.h">
      <Filter>src\coding</Filter>
    </ClInclude>
    <ClInclude Include="..\src\coding\base58.h">
      <Filter>src\coding</Filter>
    </ClInclude>
    <ClInclude Include="..\src\coding\hash.h">
      <Filter>src\coding</Filter>
    </ClInclude>
    <ClInclude Include="..\src\coding\uint256.h">
      <Filter>src\coding</Filter>
    </ClInclude>
    <ClInclude Include="..\src\io\core_io.h">
      <Filter>src\io</Filter>
    </ClInclude>
    <ClInclude Include="..\src\io\dbwrapper.h">
      <Filter>src\io</Filter>
    </ClInclude>
    <ClInclude Include="..\src\io\fs.h">
      <Filter>src\io</Filter>
    </ClInclude>
    <ClInclude Include="..\src\io\serialize.h">
      <Filter>src\io</Filter>
    </ClInclude>
    <ClInclude Include="..\src\io\streams.h">
      <Filter>src\io</Filter>
    </ClInclude>
    <ClInclude Include="..\src\key\key.h">
      <Filter>src\key</Filter>
    </ClInclude>
    <ClInclude Include="..\src\key\keystore.h">
      <Filter>src\key</Filter>
    </ClInclude>
    <ClInclude Include="..\src\key\pubkey.h">
      <Filter>src\key</Filter>
    </ClInclude>
    <ClInclude Include="..\src\mining\miner.h">
      <Filter>src\mining</Filter>
    </ClInclude>
    <ClInclude Include="..\src\mining\mining.h">
      <Filter>src\mining</Filter>
    </ClInclude>
    <ClInclude Include="..\src\misc\amount.h">
      <Filter>src\misc</Filter>
    </ClInclude>
    <ClInclude Include="..\src\misc\clientversion.h">
      <Filter>src\misc</Filter>
    </ClInclude>
    <ClInclude Include="..\src\misc\core_memusage.h">
      <Filter>src\misc</Filter>
    </ClInclude>
    <ClInclude Include="..\src\misc\cuckoocache.h">
      <Filter>src\misc</Filter>
    </ClInclude>
    <ClInclude Include="..\src\misc\indirectmap.h">
      <Filter>src\misc</Filter>
    </ClInclude>
    <ClInclude Include="..\src\misc\limitedmap.h">
      <Filter>src\misc</Filter>
    </ClInclude>
    <ClInclude Include="..\src\misc\memusage.h">
      <Filter>src\misc</Filter>
    </ClInclude>
    <ClInclude Include="..\src\misc\pow.h">
      <Filter>src\misc</Filter>
    </ClInclude>
    <ClInclude Include="..\src\misc\prevector.h">
      <Filter>src\misc</Filter>
    </ClInclude>
    <ClInclude Include="..\src\misc\random.h">
      <Filter>src\misc</Filter>
    </ClInclude>
    <ClInclude Include="..\src\misc\reverse_iterator.h">
      <Filter>src\misc</Filter>
    </ClInclude>
    <ClInclude Include="..\src\misc\timedata.h">
      <Filter>src\misc</Filter>
    </ClInclude>
    <ClInclude Include="..\src\misc\tinyformat.h">
      <Filter>src\misc</Filter>
    </ClInclude>
    <ClInclude Include="..\src\misc\version.h">
      <Filter>src\misc</Filter>
    </ClInclude>
    <ClInclude Include="..\src\misc\versionbits.h">
      <Filter>src\misc</Filter>
    </ClInclude>
    <ClInclude Include="..\src\misc\warnings.h">
      <Filter>src\misc</Filter>
    </ClInclude>
    <ClInclude Include="..\src\utils\util.h">
      <Filter>src\utils</Filter>
    </ClInclude>
    <ClInclude Include="..\src\utils\utilmoneystr.h">
      <Filter>src\utils</Filter>
    </ClInclude>
    <ClInclude Include="..\src\utils\utilstrencodings.h">
      <Filter>src\utils</Filter>
    </ClInclude>
    <ClInclude Include="..\src\utils\utiltime.h">
      <Filter>src\utils</Filter>
    </ClInclude>
    <ClInclude Include="..\src\transaction\blockencodings.h">
      <Filter>src\transaction</Filter>
    </ClInclude>
    <ClInclude Include="..\src\transaction\bloom.h">
      <Filter>src\transaction</Filter>
    </ClInclude>
    <ClInclude Include="..\src\transaction\coins.h">
      <Filter>src\transaction</Filter>
    </ClInclude>
    <ClInclude Include="..\src\transaction\compressor.h">
      <Filter>src\transaction</Filter>
    </ClInclude>
    <ClInclude Include="..\src\transaction\merkleblock.h">
      <Filter>src\transaction</Filter>
    </ClInclude>
    <ClInclude Include="..\src\transaction\txdb.h">
      <Filter>src\transaction</Filter>
    </ClInclude>
    <ClInclude Include="..\src\transaction\txmempool.h">
      <Filter>src\transaction</Filter>
    </ClInclude>
    <ClInclude Include="..\src\transaction\undo.h">
      <Filter>src\transaction</Filter>
    </ClInclude>
    <ClInclude Include="..\src\ui\noui.h">
      <Filter>src\ui</Filter>
    </ClInclude>
    <ClInclude Include="..\src\ui\ui_interface.h">
      <Filter>src\ui</Filter>
    </ClInclude>
    <ClInclude Include="..\src\validation\checkpoints.h">
      <Filter>src\validation</Filter>
    </ClInclude>
    <ClInclude Include="..\src\validation\checkqueue.h">
      <Filter>src\validation</Filter>
    </ClInclude>
    <ClInclude Include="..\src\validation\validation.h">
      <Filter>src\validation</Filter>
    </ClInclude>
    <ClInclude Include="..\src\validation\validationinterface.h">
      <Filter>src\validation</Filter>
    </ClInclude>
    <ClInclude Include="..\src\smartcontract\smartcontract.h">
      <Filter>src\smartcontract</Filter>
    </ClInclude>
    <ClInclude Include="..\src\chain\branchchain.h">
      <Filter>src\chain</Filter>
    </ClInclude>
    <ClInclude Include="..\src\chain\branchtxdb.h">
      <Filter>src\chain</Filter>
    </ClInclude>
    <ClInclude Include="..\src\chain\chain.h">
      <Filter>src\chain</Filter>
    </ClInclude>
    <ClInclude Include="..\src\chain\chainparams.h">
      <Filter>src\chain</Filter>
    </ClInclude>
    <ClInclude Include="..\src\chain\chainparamsbase.h">
      <Filter>src\chain</Filter>
    </ClInclude>
    <ClInclude Include="..\src\chain\chainparamsseeds.h">
      <Filter>src\chain</Filter>
    </ClInclude>
    <ClInclude Include="..\src\net\http\httprpc.h">
      <Filter>src\net\http</Filter>
    </ClInclude>
    <ClInclude Include="..\src\net\http\httpserver.h">
      <Filter>src\net\http</Filter>
    </ClInclude>
    <ClInclude Include="..\src\thread\scheduler.h">
      <Filter>src\thread</Filter>
    </ClInclude>
    <ClInclude Include="..\src\thread\sync.h">
      <Filter>src\thread</Filter>
    </ClInclude>
    <ClInclude Include="..\src\thread\threadinterrupt.h">
      <Filter>src\thread</Filter>
    </ClInclude>
    <ClInclude Include="..\src\thread\threadsafety.h">
      <Filter>src\thread</Filter>
    </ClInclude>
    <ClInclude Include="..\src\net\compat.h">
      <Filter>src\net</Filter>
    </ClInclude>
    <ClInclude Include="..\src\net\torcontrol.h">
      <Filter>src\net</Filter>
    </ClInclude>
    <ClInclude Include="..\src\misc\reverselock.h">
      <Filter>src\misc</Filter>
    </ClInclude>
    <ClInclude Include="..\src\config\celllink-config.h">
      <Filter>src\config</Filter>
    </ClInclude>
    <ClInclude Include="..\src\crypto\ctaes\ctaes.h">
      <Filter>src\crypto\ctaes</Filter>
    </ClInclude>
    <ClInclude Include="..\src\init.h">
      <Filter>src</Filter>
    </ClInclude>
    <ClInclude Include="..\src\script\celllinkconsensus.h">
      <Filter>src\script</Filter>
    </ClInclude>
    <ClInclude Include="..\src\chain\branchdb.h">
      <Filter>src\chain</Filter>
    </ClInclude>
    <ClInclude Include="..\src\transaction\partialmerkletree.h">
      <Filter>src\transaction</Filter>
    </ClInclude>
  </ItemGroup>
</Project>