
Microsoft Visual Studio Solution File, Format Version 12.00
# Visual Studio 15
VisualStudioVersion = 15.0.27428.2002
MinimumVisualStudioVersion = 10.0.40219.1
Project("{8BC9CEB8-8B4A-11D0-8D11-00A0C91BC942}") = "seeder", "seeder.vcxproj", "{810620FC-F005-496A-9576-3578C86AB1C2}"
EndProject
Global
	GlobalSection(SolutionConfigurationPlatforms) = preSolution
		Debug|x64 = Debug|x64
		Debug|x86 = Debug|x86
		Release|x64 = Release|x64
		Release|x86 = Release|x86
	EndGlobalSection
	GlobalSection(ProjectConfigurationPlatforms) = postSolution
		{810620FC-F005-496A-9576-3578C86AB1C2}.Debug|x64.ActiveCfg = Debug|x64
		{810620FC-F005-496A-9576-3578C86AB1C2}.Debug|x64.Build.0 = Debug|x64
		{810620FC-F005-496A-9576-3578C86AB1C2}.Debug|x86.ActiveCfg = Debug|Win32
		{810620FC-F005-496A-9576-3578C86AB1C2}.Debug|x86.Build.0 = Debug|Win32
		{810620FC-F005-496A-9576-3578C86AB1C2}.Release|x64.ActiveCfg = Release|x64
		{810620FC-F005-496A-9576-3578C86AB1C2}.Release|x64.Build.0 = Release|x64
		{810620FC-F005-496A-9576-3578C86AB1C2}.Release|x86.ActiveCfg = Release|Win32
		{810620FC-F005-496A-9576-3578C86AB1C2}.Release|x86.Build.0 = Release|Win32
	EndGlobalSection
	GlobalSection(SolutionProperties) = preSolution
		HideSolutionNode = FALSE
	EndGlobalSection
	GlobalSection(ExtensibilityGlobals) = postSolution
		SolutionGuid = {51585050-DE3D-4935-ADFE-24513F90CE2B}
	EndGlobalSection
EndGlobal
