<?xml version="1.0" encoding="utf-8"?>
<Project ToolsVersion="4.0" xmlns="http://schemas.microsoft.com/developer/msbuild/2003">
  <ItemGroup>
    <ClCompile Include="..\..\src\test\addrman_tests.cpp">
      <Filter>src\test</Filter>
    </ClCompile>
    <ClCompile Include="..\..\src\test\allocator_tests.cpp">
      <Filter>src\test</Filter>
    </ClCompile>
    <ClCompile Include="..\..\src\test\amount_tests.cpp">
      <Filter>src\test</Filter>
    </ClCompile>
    <ClCompile Include="..\..\src\test\arith_uint256_tests.cpp">
      <Filter>src\test</Filter>
    </ClCompile>
    <ClCompile Include="..\..\src\test\base32_tests.cpp">
      <Filter>src\test</Filter>
    </ClCompile>
    <ClCompile Include="..\..\src\test\base58_tests.cpp">
      <Filter>src\test</Filter>
    </ClCompile>
    <ClCompile Include="..\..\src\test\base64_tests.cpp">
      <Filter>src\test</Filter>
    </ClCompile>
    <ClCompile Include="..\..\src\test\bip32_tests.cpp">
      <Filter>src\test</Filter>
    </ClCompile>
    <ClCompile Include="..\..\src\test\blockencodings_tests.cpp">
      <Filter>src\test</Filter>
    </ClCompile>
    <ClCompile Include="..\..\src\test\bloom_tests.cpp">
      <Filter>src\test</Filter>
    </ClCompile>
    <ClCompile Include="..\..\src\test\bswap_tests.cpp">
      <Filter>src\test</Filter>
    </ClCompile>
    <ClCompile Include="..\..\src\test\coins_tests.cpp">
      <Filter>src\test</Filter>
    </ClCompile>
    <ClCompile Include="..\..\src\test\compress_tests.cpp">
      <Filter>src\test</Filter>
    </ClCompile>
    <ClCompile Include="..\..\src\test\crypto_tests.cpp">
      <Filter>src\test</Filter>
    </ClCompile>
    <ClCompile Include="..\..\src\test\cuckoocache_tests.cpp">
      <Filter>src\test</Filter>
    </ClCompile>
    <ClCompile Include="..\..\src\test\dbwrapper_tests.cpp">
      <Filter>src\test</Filter>
    </ClCompile>
    <ClCompile Include="..\..\src\test\DoS_tests.cpp">
      <Filter>src\test</Filter>
    </ClCompile>
    <ClCompile Include="..\..\src\test\getarg_tests.cpp">
      <Filter>src\test</Filter>
    </ClCompile>
    <ClCompile Include="..\..\src\test\hash_tests.cpp">
      <Filter>src\test</Filter>
    </ClCompile>
    <ClCompile Include="..\..\src\test\key_tests.cpp">
      <Filter>src\test</Filter>
    </ClCompile>
    <ClCompile Include="..\..\src\test\limitedmap_tests.cpp">
      <Filter>src\test</Filter>
    </ClCompile>
    <ClCompile Include="..\..\src\test\main_tests.cpp">
      <Filter>src\test</Filter>
    </ClCompile>
    <ClCompile Include="..\..\src\test\mempool_tests.cpp">
      <Filter>src\test</Filter>
    </ClCompile>
    <ClCompile Include="..\..\src\test\merkle_tests.cpp">
      <Filter>src\test</Filter>
    </ClCompile>
    <ClCompile Include="..\..\src\test\miner_tests.cpp">
      <Filter>src\test</Filter>
    </ClCompile>
    <ClCompile Include="..\..\src\test\multisig_tests.cpp">
      <Filter>src\test</Filter>
    </ClCompile>
    <ClCompile Include="..\..\src\test\net_tests.cpp">
      <Filter>src\test</Filter>
    </ClCompile>
    <ClCompile Include="..\..\src\test\netbase_tests.cpp">
      <Filter>src\test</Filter>
    </ClCompile>
    <ClCompile Include="..\..\src\test\pmt_tests.cpp">
      <Filter>src\test</Filter>
    </ClCompile>
    <ClCompile Include="..\..\src\test\policyestimator_tests.cpp">
      <Filter>src\test</Filter>
    </ClCompile>
    <ClCompile Include="..\..\src\test\pow_tests.cpp">
      <Filter>src\test</Filter>
    </ClCompile>
    <ClCompile Include="..\..\src\test\prevector_tests.cpp">
      <Filter>src\test</Filter>
    </ClCompile>
    <ClCompile Include="..\..\src\test\raii_event_tests.cpp">
      <Filter>src\test</Filter>
    </ClCompile>
    <ClCompile Include="..\..\src\test\reverselock_tests.cpp">
      <Filter>src\test</Filter>
    </ClCompile>
    <ClCompile Include="..\..\src\test\rpc_tests.cpp">
      <Filter>src\test</Filter>
    </ClCompile>
    <ClCompile Include="..\..\src\test\sanity_tests.cpp">
      <Filter>src\test</Filter>
    </ClCompile>
    <ClCompile Include="..\..\src\test\scheduler_tests.cpp">
      <Filter>src\test</Filter>
    </ClCompile>
    <ClCompile Include="..\..\src\test\script_P2SH_tests.cpp">
      <Filter>src\test</Filter>
    </ClCompile>
    <ClCompile Include="..\..\src\test\script_tests.cpp">
      <Filter>src\test</Filter>
    </ClCompile>
    <ClCompile Include="..\..\src\test\scriptnum_tests.cpp">
      <Filter>src\test</Filter>
    </ClCompile>
    <ClCompile Include="..\..\src\test\serialize_tests.cpp">
      <Filter>src\test</Filter>
    </ClCompile>
    <ClCompile Include="..\..\src\test\sighash_tests.cpp">
      <Filter>src\test</Filter>
    </ClCompile>
    <ClCompile Include="..\..\src\test\sigopcount_tests.cpp">
      <Filter>src\test</Filter>
    </ClCompile>
    <ClCompile Include="..\..\src\test\skiplist_tests.cpp">
      <Filter>src\test</Filter>
    </ClCompile>
    <ClCompile Include="..\..\src\test\streams_tests.cpp">
      <Filter>src\test</Filter>
    </ClCompile>
    <ClCompile Include="..\..\src\test\testutil.cpp">
      <Filter>src\test</Filter>
    </ClCompile>
    <ClCompile Include="..\..\src\test\timedata_tests.cpp">
      <Filter>src\test</Filter>
    </ClCompile>
    <ClCompile Include="..\..\src\test\transaction_tests.cpp">
      <Filter>src\test</Filter>
    </ClCompile>
    <ClCompile Include="..\..\src\test\txvalidationcache_tests.cpp">
      <Filter>src\test</Filter>
    </ClCompile>
    <ClCompile Include="..\..\src\test\uint256_tests.cpp">
      <Filter>src\test</Filter>
    </ClCompile>
    <ClCompile Include="..\..\src\test\univalue_tests.cpp">
      <Filter>src\test</Filter>
    </ClCompile>
    <ClCompile Include="..\..\src\test\util_tests.cpp">
      <Filter>src\test</Filter>
    </ClCompile>
    <ClCompile Include="..\..\src\test\versionbits_tests.cpp">
      <Filter>src\test</Filter>
    </ClCompile>
    <ClCompile Include="stdafx.cpp" />
    <ClCompile Include="..\..\src\test\test_magnachain.cpp">
      <Filter>src\test</Filter>
    </ClCompile>
    <ClCompile Include="..\..\src\wallet\test\accounting_tests.cpp">
      <Filter>src\wallet\test</Filter>
    </ClCompile>
    <ClCompile Include="..\..\src\wallet\test\crypto_tests.cpp">
      <Filter>src\wallet\test</Filter>
    </ClCompile>
    <ClCompile Include="..\..\src\wallet\test\wallet_test_fixture.cpp">
      <Filter>src\wallet\test</Filter>
    </ClCompile>
    <ClCompile Include="..\..\src\wallet\test\wallet_tests.cpp">
      <Filter>src\wallet\test</Filter>
    </ClCompile>
    <ClCompile Include="..\..\src\test\branchdb_tests.cpp">
      <Filter>src\test</Filter>
    </ClCompile>
  </ItemGroup>
  <ItemGroup>
    <ClInclude Include="..\..\src\test\scriptnum10.h">
      <Filter>src\test</Filter>
    </ClInclude>
    <ClInclude Include="..\..\src\test\testutil.h">
      <Filter>src\test</Filter>
    </ClInclude>
    <ClInclude Include="stdafx.h" />
    <ClInclude Include="..\..\src\test\test_magnachain.h">
      <Filter>src\test</Filter>
    </ClInclude>
    <ClInclude Include="..\..\src\wallet\test\wallet_test_fixture.h">
      <Filter>src\wallet\test</Filter>
    </ClInclude>
  </ItemGroup>
  <ItemGroup>
    <Filter Include="src">
      <UniqueIdentifier>{47073fa7-7593-4c78-9f68-e5893ad2c4ee}</UniqueIdentifier>
    </Filter>
    <Filter Include="src\test">
      <UniqueIdentifier>{4f84e674-b7ec-46af-89cc-55e99444215e}</UniqueIdentifier>
    </Filter>
    <Filter Include="src\wallet">
      <UniqueIdentifier>{194b763e-f3e1-4668-9f16-4dd1df32e631}</UniqueIdentifier>
    </Filter>
    <Filter Include="src\wallet\test">
      <UniqueIdentifier>{10f5b910-4349-4b07-8377-56445e0029a8}</UniqueIdentifier>
    </Filter>
  </ItemGroup>
</Project>